// !$*UTF8*$!
{
	archiveVersion = 1;
	classes = {
	};
	objectVersion = 51;
	objects = {

/* Begin PBXBuildFile section */
		B1CE0CE01868090CBE723C88 /* Pods_Hanmu.framework in Frameworks */ = {isa = PBXBuildFile; fileRef = C9D34BE58AA85CE1CF54F52C /* Pods_Hanmu.framework */; };
		EA2F3A2125FB688000C145BA /* NotificationService.swift in Sources */ = {isa = PBXBuildFile; fileRef = EA2F3A2025FB688000C145BA /* NotificationService.swift */; };
		EA2F3A2525FB688000C145BA /* XGExtensionService.appex in Embed App Extensions */ = {isa = PBXBuildFile; fileRef = EA2F3A1E25FB688000C145BA /* XGExtensionService.appex */; settings = {ATTRIBUTES = (RemoveHeadersOnCopy, ); }; };
		EA50376625F9334B00E233F4 /* HanmuApp.swift in Sources */ = {isa = PBXBuildFile; fileRef = EA50376525F9334B00E233F4 /* HanmuApp.swift */; };
		EA50376825F9334B00E233F4 /* ContentView.swift in Sources */ = {isa = PBXBuildFile; fileRef = EA50376725F9334B00E233F4 /* ContentView.swift */; };
		EA50376A25F9335100E233F4 /* Assets.xcassets in Resources */ = {isa = PBXBuildFile; fileRef = EA50376925F9335100E233F4 /* Assets.xcassets */; };
		EA50376D25F9335100E233F4 /* Preview Assets.xcassets in Resources */ = {isa = PBXBuildFile; fileRef = EA50376C25F9335100E233F4 /* Preview Assets.xcassets */; };
		EA50377825F9335200E233F4 /* HanmuTests.swift in Sources */ = {isa = PBXBuildFile; fileRef = EA50377725F9335200E233F4 /* HanmuTests.swift */; };
		EA50378325F9335200E233F4 /* HanmuUITests.swift in Sources */ = {isa = PBXBuildFile; fileRef = EA50378225F9335200E233F4 /* HanmuUITests.swift */; };
		EA50379425F9344800E233F4 /* Hanmu.swift in Sources */ = {isa = PBXBuildFile; fileRef = EA50379325F9344800E233F4 /* Hanmu.swift */; };
		EA50379925F9A35100E233F4 /* My.swift in Sources */ = {isa = PBXBuildFile; fileRef = EA50379825F9A35100E233F4 /* My.swift */; };
		EA5037C625FA3D2200E233F4 /* HanmuSpider.swift in Sources */ = {isa = PBXBuildFile; fileRef = EA5037C525FA3D2200E233F4 /* HanmuSpider.swift */; };
		EA685B9C25FC57F600D96223 /* Intents.framework in Frameworks */ = {isa = PBXBuildFile; fileRef = EAF7750925FBD18100D746C1 /* Intents.framework */; };
		EA685B9D25FC57F600D96223 /* IntentsUI.framework in Frameworks */ = {isa = PBXBuildFile; fileRef = EAF7751425FBD18100D746C1 /* IntentsUI.framework */; };
		EA685BB325FC59EE00D96223 /* SiriKitIntentDefinition.intentdefinition in Sources */ = {isa = PBXBuildFile; fileRef = EA685BB225FC59EE00D96223 /* SiriKitIntentDefinition.intentdefinition */; };
		EA685BB425FC59EE00D96223 /* SiriKitIntentDefinition.intentdefinition in Sources */ = {isa = PBXBuildFile; fileRef = EA685BB225FC59EE00D96223 /* SiriKitIntentDefinition.intentdefinition */; };
		EA685BB525FC59EE00D96223 /* SiriKitIntentDefinition.intentdefinition in Sources */ = {isa = PBXBuildFile; fileRef = EA685BB225FC59EE00D96223 /* SiriKitIntentDefinition.intentdefinition */; };
		EA685BB625FC59EE00D96223 /* SiriKitIntentDefinition.intentdefinition in Sources */ = {isa = PBXBuildFile; fileRef = EA685BB225FC59EE00D96223 /* SiriKitIntentDefinition.intentdefinition */; };
		EA685BB725FC59EE00D96223 /* SiriKitIntentDefinition.intentdefinition in Sources */ = {isa = PBXBuildFile; fileRef = EA685BB225FC59EE00D96223 /* SiriKitIntentDefinition.intentdefinition */; };
		EA685BC325FC59FF00D96223 /* SiriKitIntentDefinition.intentdefinition in Sources */ = {isa = PBXBuildFile; fileRef = EA685BB225FC59EE00D96223 /* SiriKitIntentDefinition.intentdefinition */; };
		EA685C2925FC65FC00D96223 /* LibrarySpider.swift in Sources */ = {isa = PBXBuildFile; fileRef = EA685C2825FC65FC00D96223 /* LibrarySpider.swift */; };
		EA685C3C25FC81FF00D96223 /* LibraryView.swift in Sources */ = {isa = PBXBuildFile; fileRef = EA685C3B25FC81FF00D96223 /* LibraryView.swift */; };
		EA685C4A25FC868200D96223 /* AccountEditView.swift in Sources */ = {isa = PBXBuildFile; fileRef = EA685C4925FC868200D96223 /* AccountEditView.swift */; };
		EA685C5125FC951D00D96223 /* BookView.swift in Sources */ = {isa = PBXBuildFile; fileRef = EA685C5025FC951D00D96223 /* BookView.swift */; };
		EA92EA7025FE6F2100567D95 /* Seat.swift in Sources */ = {isa = PBXBuildFile; fileRef = EA92EA6F25FE6F2100567D95 /* Seat.swift */; };
		EA92EA7C25FE6F4200567D95 /* Room.swift in Sources */ = {isa = PBXBuildFile; fileRef = EA92EA7B25FE6F4200567D95 /* Room.swift */; };
		EA92EA8325FE6F5200567D95 /* Building.swift in Sources */ = {isa = PBXBuildFile; fileRef = EA92EA8225FE6F5200567D95 /* Building.swift */; };
		EA92EA9925FE6FF900567D95 /* Book.swift in Sources */ = {isa = PBXBuildFile; fileRef = EA92EA9825FE6FF900567D95 /* Book.swift */; };
		EA92EAA225FEF1C100567D95 /* MyLibraryInfoView.swift in Sources */ = {isa = PBXBuildFile; fileRef = EA92EAA125FEF1C100567D95 /* MyLibraryInfoView.swift */; };
		EA92EAA925FF15E400567D95 /* LibraryTime.swift in Sources */ = {isa = PBXBuildFile; fileRef = EA92EAA825FF15E400567D95 /* LibraryTime.swift */; };
		EA92EABD25FF4A5500567D95 /* LibraryHistory.swift in Sources */ = {isa = PBXBuildFile; fileRef = EA92EABC25FF4A5500567D95 /* LibraryHistory.swift */; };
		EA9C27D125FCE3AE00B58FC8 /* HistoryListItem.swift in Sources */ = {isa = PBXBuildFile; fileRef = EA9C27D025FCE3AE00B58FC8 /* HistoryListItem.swift */; };
		EAD3F12725FB6D80005D5265 /* NotificationService.m in Sources */ = {isa = PBXBuildFile; fileRef = EAD3F12625FB6D80005D5265 /* NotificationService.m */; };
		EAD3F12B25FB6E07005D5265 /* libXGExtension.a in Frameworks */ = {isa = PBXBuildFile; fileRef = EAD3F11C25FB6CF2005D5265 /* libXGExtension.a */; };
		EAF7760125FBDDEE00D746C1 /* Intents.framework in Frameworks */ = {isa = PBXBuildFile; fileRef = EAF7750925FBD18100D746C1 /* Intents.framework */; };
		EAF7760425FBDDEE00D746C1 /* IntentHandler.swift in Sources */ = {isa = PBXBuildFile; fileRef = EAF7760325FBDDEE00D746C1 /* IntentHandler.swift */; };
		EAF7760B25FBDDEE00D746C1 /* IntentsUI.framework in Frameworks */ = {isa = PBXBuildFile; fileRef = EAF7751425FBD18100D746C1 /* IntentsUI.framework */; };
		EAF7760E25FBDDEE00D746C1 /* IntentViewController.swift in Sources */ = {isa = PBXBuildFile; fileRef = EAF7760D25FBDDEE00D746C1 /* IntentViewController.swift */; };
		EAF7761125FBDDEE00D746C1 /* MainInterface.storyboard in Resources */ = {isa = PBXBuildFile; fileRef = EAF7760F25FBDDEE00D746C1 /* MainInterface.storyboard */; };
		EAF7761525FBDDEE00D746C1 /* SiriIntentUI.appex in Embed App Extensions */ = {isa = PBXBuildFile; fileRef = EAF7760A25FBDDEE00D746C1 /* SiriIntentUI.appex */; settings = {ATTRIBUTES = (RemoveHeadersOnCopy, ); }; };
		EAF7761825FBDDEE00D746C1 /* SiriIntent.appex in Embed App Extensions */ = {isa = PBXBuildFile; fileRef = EAF7760025FBDDEE00D746C1 /* SiriIntent.appex */; settings = {ATTRIBUTES = (RemoveHeadersOnCopy, ); }; };
/* End PBXBuildFile section */

/* Begin PBXContainerItemProxy section */
		EA2F3A2325FB688000C145BA /* PBXContainerItemProxy */ = {
			isa = PBXContainerItemProxy;
			containerPortal = EA50375A25F9334B00E233F4 /* Project object */;
			proxyType = 1;
			remoteGlobalIDString = EA2F3A1D25FB688000C145BA;
			remoteInfo = XGExtensionService;
		};
		EA50377425F9335200E233F4 /* PBXContainerItemProxy */ = {
			isa = PBXContainerItemProxy;
			containerPortal = EA50375A25F9334B00E233F4 /* Project object */;
			proxyType = 1;
			remoteGlobalIDString = EA50376125F9334B00E233F4;
			remoteInfo = Hanmu;
		};
		EA50377F25F9335200E233F4 /* PBXContainerItemProxy */ = {
			isa = PBXContainerItemProxy;
			containerPortal = EA50375A25F9334B00E233F4 /* Project object */;
			proxyType = 1;
			remoteGlobalIDString = EA50376125F9334B00E233F4;
			remoteInfo = Hanmu;
		};
		EA5037DC25FA55E000E233F4 /* PBXContainerItemProxy */ = {
			isa = PBXContainerItemProxy;
			containerPortal = EA5037C925FA55DF00E233F4 /* SwiftyJSON.xcodeproj */;
			proxyType = 2;
			remoteGlobalIDString = 2E4FEFDB19575BE100351305;
			remoteInfo = "SwiftyJSON iOS";
		};
		EA5037DE25FA55E000E233F4 /* PBXContainerItemProxy */ = {
			isa = PBXContainerItemProxy;
			containerPortal = EA5037C925FA55DF00E233F4 /* SwiftyJSON.xcodeproj */;
			proxyType = 2;
			remoteGlobalIDString = 2E4FEFE619575BE100351305;
			remoteInfo = "SwiftyJSON iOS Tests";
		};
		EA5037E025FA55E000E233F4 /* PBXContainerItemProxy */ = {
			isa = PBXContainerItemProxy;
			containerPortal = EA5037C925FA55DF00E233F4 /* SwiftyJSON.xcodeproj */;
			proxyType = 2;
			remoteGlobalIDString = 9C7DFC5B1A9102BD005AA3F7;
			remoteInfo = "SwiftyJSON macOS";
		};
		EA5037E225FA55E000E233F4 /* PBXContainerItemProxy */ = {
			isa = PBXContainerItemProxy;
			containerPortal = EA5037C925FA55DF00E233F4 /* SwiftyJSON.xcodeproj */;
			proxyType = 2;
			remoteGlobalIDString = 9C7DFC651A9102BD005AA3F7;
			remoteInfo = "SwiftyJSON macOS Tests";
		};
		EA5037E425FA55E000E233F4 /* PBXContainerItemProxy */ = {
			isa = PBXContainerItemProxy;
			containerPortal = EA5037C925FA55DF00E233F4 /* SwiftyJSON.xcodeproj */;
			proxyType = 2;
			remoteGlobalIDString = E4D7CCE81B9465A700EE7221;
			remoteInfo = "SwiftyJSON watchOS";
		};
		EA5037E625FA55E000E233F4 /* PBXContainerItemProxy */ = {
			isa = PBXContainerItemProxy;
			containerPortal = EA5037C925FA55DF00E233F4 /* SwiftyJSON.xcodeproj */;
			proxyType = 2;
			remoteGlobalIDString = 7236B4F61BAC14150020529B;
			remoteInfo = "SwiftyJSON tvOS";
		};
		EA5037E825FA55E000E233F4 /* PBXContainerItemProxy */ = {
			isa = PBXContainerItemProxy;
			containerPortal = EA5037C925FA55DF00E233F4 /* SwiftyJSON.xcodeproj */;
			proxyType = 2;
			remoteGlobalIDString = A8580F741BCF5C5B00DA927B;
			remoteInfo = "SwiftyJSON tvOS Tests";
		};
		EAF7761325FBDDEE00D746C1 /* PBXContainerItemProxy */ = {
			isa = PBXContainerItemProxy;
			containerPortal = EA50375A25F9334B00E233F4 /* Project object */;
			proxyType = 1;
			remoteGlobalIDString = EAF7760925FBDDEE00D746C1;
			remoteInfo = SiriIntentUI;
		};
		EAF7761625FBDDEE00D746C1 /* PBXContainerItemProxy */ = {
			isa = PBXContainerItemProxy;
			containerPortal = EA50375A25F9334B00E233F4 /* Project object */;
			proxyType = 1;
			remoteGlobalIDString = EAF775FF25FBDDEE00D746C1;
			remoteInfo = SiriIntent;
		};
/* End PBXContainerItemProxy section */

/* Begin PBXCopyFilesBuildPhase section */
		EA5037C225F9F4E300E233F4 /* Embed Frameworks */ = {
			isa = PBXCopyFilesBuildPhase;
			buildActionMask = 2147483647;
			dstPath = "";
			dstSubfolderSpec = 10;
			files = (
			);
			name = "Embed Frameworks";
			runOnlyForDeploymentPostprocessing = 0;
		};
		EAB3233D25FB649100DBECC9 /* Embed App Extensions */ = {
			isa = PBXCopyFilesBuildPhase;
			buildActionMask = 2147483647;
			dstPath = "";
			dstSubfolderSpec = 13;
			files = (
				EA2F3A2525FB688000C145BA /* XGExtensionService.appex in Embed App Extensions */,
				EAF7761525FBDDEE00D746C1 /* SiriIntentUI.appex in Embed App Extensions */,
				EAF7761825FBDDEE00D746C1 /* SiriIntent.appex in Embed App Extensions */,
			);
			name = "Embed App Extensions";
			runOnlyForDeploymentPostprocessing = 0;
		};
/* End PBXCopyFilesBuildPhase section */

/* Begin PBXFileReference section */
		43DCFF5A53D394E1129C7D8A /* Pods-Hanmu.debug.xcconfig */ = {isa = PBXFileReference; includeInIndex = 1; lastKnownFileType = text.xcconfig; name = "Pods-Hanmu.debug.xcconfig"; path = "Target Support Files/Pods-Hanmu/Pods-Hanmu.debug.xcconfig"; sourceTree = "<group>"; };
		C9D34BE58AA85CE1CF54F52C /* Pods_Hanmu.framework */ = {isa = PBXFileReference; explicitFileType = wrapper.framework; includeInIndex = 0; path = Pods_Hanmu.framework; sourceTree = BUILT_PRODUCTS_DIR; };
		EA2F3A1E25FB688000C145BA /* XGExtensionService.appex */ = {isa = PBXFileReference; explicitFileType = "wrapper.app-extension"; includeInIndex = 0; path = XGExtensionService.appex; sourceTree = BUILT_PRODUCTS_DIR; };
		EA2F3A2025FB688000C145BA /* NotificationService.swift */ = {isa = PBXFileReference; lastKnownFileType = sourcecode.swift; path = NotificationService.swift; sourceTree = "<group>"; };
		EA2F3A2225FB688000C145BA /* Info.plist */ = {isa = PBXFileReference; lastKnownFileType = text.plist.xml; path = Info.plist; sourceTree = "<group>"; };
		EA2F3A2C25FB68AE00C145BA /* XGExtensionService-Bridging-Header.h */ = {isa = PBXFileReference; lastKnownFileType = sourcecode.c.h; path = "XGExtensionService-Bridging-Header.h"; sourceTree = "<group>"; };
		EA2F3A4C25FB6C6100C145BA /* XGExtension.h */ = {isa = PBXFileReference; lastKnownFileType = sourcecode.c.h; path = XGExtension.h; sourceTree = "<group>"; };
		EA50376225F9334B00E233F4 /* Hanmu.app */ = {isa = PBXFileReference; explicitFileType = wrapper.application; includeInIndex = 0; path = Hanmu.app; sourceTree = BUILT_PRODUCTS_DIR; };
		EA50376525F9334B00E233F4 /* HanmuApp.swift */ = {isa = PBXFileReference; lastKnownFileType = sourcecode.swift; path = HanmuApp.swift; sourceTree = "<group>"; };
		EA50376725F9334B00E233F4 /* ContentView.swift */ = {isa = PBXFileReference; lastKnownFileType = sourcecode.swift; path = ContentView.swift; sourceTree = "<group>"; };
		EA50376925F9335100E233F4 /* Assets.xcassets */ = {isa = PBXFileReference; lastKnownFileType = folder.assetcatalog; path = Assets.xcassets; sourceTree = "<group>"; };
		EA50376C25F9335100E233F4 /* Preview Assets.xcassets */ = {isa = PBXFileReference; lastKnownFileType = folder.assetcatalog; path = "Preview Assets.xcassets"; sourceTree = "<group>"; };
		EA50376E25F9335100E233F4 /* Info.plist */ = {isa = PBXFileReference; lastKnownFileType = text.plist.xml; path = Info.plist; sourceTree = "<group>"; };
		EA50377325F9335200E233F4 /* HanmuTests.xctest */ = {isa = PBXFileReference; explicitFileType = wrapper.cfbundle; includeInIndex = 0; path = HanmuTests.xctest; sourceTree = BUILT_PRODUCTS_DIR; };
		EA50377725F9335200E233F4 /* HanmuTests.swift */ = {isa = PBXFileReference; lastKnownFileType = sourcecode.swift; path = HanmuTests.swift; sourceTree = "<group>"; };
		EA50377925F9335200E233F4 /* Info.plist */ = {isa = PBXFileReference; lastKnownFileType = text.plist.xml; path = Info.plist; sourceTree = "<group>"; };
		EA50377E25F9335200E233F4 /* HanmuUITests.xctest */ = {isa = PBXFileReference; explicitFileType = wrapper.cfbundle; includeInIndex = 0; path = HanmuUITests.xctest; sourceTree = BUILT_PRODUCTS_DIR; };
		EA50378225F9335200E233F4 /* HanmuUITests.swift */ = {isa = PBXFileReference; lastKnownFileType = sourcecode.swift; path = HanmuUITests.swift; sourceTree = "<group>"; };
		EA50378425F9335200E233F4 /* Info.plist */ = {isa = PBXFileReference; lastKnownFileType = text.plist.xml; path = Info.plist; sourceTree = "<group>"; };
		EA50379325F9344800E233F4 /* Hanmu.swift */ = {isa = PBXFileReference; lastKnownFileType = sourcecode.swift; path = Hanmu.swift; sourceTree = "<group>"; };
		EA50379825F9A35100E233F4 /* My.swift */ = {isa = PBXFileReference; lastKnownFileType = sourcecode.swift; path = My.swift; sourceTree = "<group>"; };
		EA5037C525FA3D2200E233F4 /* HanmuSpider.swift */ = {isa = PBXFileReference; lastKnownFileType = sourcecode.swift; path = HanmuSpider.swift; sourceTree = "<group>"; };
		EA5037C925FA55DF00E233F4 /* SwiftyJSON.xcodeproj */ = {isa = PBXFileReference; lastKnownFileType = "wrapper.pb-project"; name = SwiftyJSON.xcodeproj; path = "SwiftyJSON-master/SwiftyJSON.xcodeproj"; sourceTree = "<group>"; };
		EA685BB225FC59EE00D96223 /* SiriKitIntentDefinition.intentdefinition */ = {isa = PBXFileReference; lastKnownFileType = file.intentdefinition; path = SiriKitIntentDefinition.intentdefinition; sourceTree = "<group>"; };
		EA685C2825FC65FC00D96223 /* LibrarySpider.swift */ = {isa = PBXFileReference; lastKnownFileType = sourcecode.swift; path = LibrarySpider.swift; sourceTree = "<group>"; };
		EA685C3B25FC81FF00D96223 /* LibraryView.swift */ = {isa = PBXFileReference; lastKnownFileType = sourcecode.swift; path = LibraryView.swift; sourceTree = "<group>"; };
		EA685C4925FC868200D96223 /* AccountEditView.swift */ = {isa = PBXFileReference; lastKnownFileType = sourcecode.swift; path = AccountEditView.swift; sourceTree = "<group>"; };
		EA685C5025FC951D00D96223 /* BookView.swift */ = {isa = PBXFileReference; lastKnownFileType = sourcecode.swift; path = BookView.swift; sourceTree = "<group>"; };
		EA92EA6F25FE6F2100567D95 /* Seat.swift */ = {isa = PBXFileReference; lastKnownFileType = sourcecode.swift; path = Seat.swift; sourceTree = "<group>"; };
		EA92EA7B25FE6F4200567D95 /* Room.swift */ = {isa = PBXFileReference; lastKnownFileType = sourcecode.swift; path = Room.swift; sourceTree = "<group>"; };
		EA92EA8225FE6F5200567D95 /* Building.swift */ = {isa = PBXFileReference; lastKnownFileType = sourcecode.swift; path = Building.swift; sourceTree = "<group>"; };
		EA92EA9825FE6FF900567D95 /* Book.swift */ = {isa = PBXFileReference; lastKnownFileType = sourcecode.swift; path = Book.swift; sourceTree = "<group>"; };
		EA92EAA125FEF1C100567D95 /* MyLibraryInfoView.swift */ = {isa = PBXFileReference; lastKnownFileType = sourcecode.swift; path = MyLibraryInfoView.swift; sourceTree = "<group>"; };
		EA92EAA825FF15E400567D95 /* LibraryTime.swift */ = {isa = PBXFileReference; lastKnownFileType = sourcecode.swift; path = LibraryTime.swift; sourceTree = "<group>"; };
		EA92EABC25FF4A5500567D95 /* LibraryHistory.swift */ = {isa = PBXFileReference; lastKnownFileType = sourcecode.swift; path = LibraryHistory.swift; sourceTree = "<group>"; };
		EA9BC3AD2600E6F200B71B53 /* URL.playground */ = {isa = PBXFileReference; lastKnownFileType = file.playground; path = URL.playground; sourceTree = "<group>"; xcLanguageSpecificationIdentifier = xcode.lang.swift; };
		EA9C27D025FCE3AE00B58FC8 /* HistoryListItem.swift */ = {isa = PBXFileReference; lastKnownFileType = sourcecode.swift; path = HistoryListItem.swift; sourceTree = "<group>"; };
		EAB322DA25FB33D600DBECC9 /* Hanmu-Bridging-Header.h */ = {isa = PBXFileReference; lastKnownFileType = sourcecode.c.h; path = "Hanmu-Bridging-Header.h"; sourceTree = "<group>"; };
		EAD3F11A25FB6C9E005D5265 /* TPNS-SDK-iOS-1.3.0.0 */ = {isa = PBXFileReference; lastKnownFileType = folder; path = "TPNS-SDK-iOS-1.3.0.0"; sourceTree = "<group>"; };
		EAD3F11B25FB6CCF005D5265 /* libXGExtension.a */ = {isa = PBXFileReference; lastKnownFileType = archive.ar; name = libXGExtension.a; path = "TPNS-SDK-iOS-1.3.0.0/demo/sdk/XGPushStatistics/extension/libXGExtension.a"; sourceTree = "<group>"; };
		EAD3F11C25FB6CF2005D5265 /* libXGExtension.a */ = {isa = PBXFileReference; lastKnownFileType = archive.ar; name = libXGExtension.a; path = TPNSService/TPNSExtensionLib/libXGExtension.a; sourceTree = "<group>"; };
		EAD3F11D25FB6CF2005D5265 /* XGExtension.h */ = {isa = PBXFileReference; lastKnownFileType = sourcecode.c.h; name = XGExtension.h; path = TPNSService/TPNSExtensionLib/XGExtension.h; sourceTree = "<group>"; };
		EAD3F12625FB6D80005D5265 /* NotificationService.m */ = {isa = PBXFileReference; lastKnownFileType = sourcecode.c.objc; name = NotificationService.m; path = TPNSService/NotificationService.m; sourceTree = "<group>"; };
		EAD3F12F25FB77DF005D5265 /* Hanmu.entitlements */ = {isa = PBXFileReference; lastKnownFileType = text.plist.entitlements; path = Hanmu.entitlements; sourceTree = "<group>"; };
		EAF7750925FBD18100D746C1 /* Intents.framework */ = {isa = PBXFileReference; lastKnownFileType = wrapper.framework; name = Intents.framework; path = System/Library/Frameworks/Intents.framework; sourceTree = SDKROOT; };
		EAF7751425FBD18100D746C1 /* IntentsUI.framework */ = {isa = PBXFileReference; lastKnownFileType = wrapper.framework; name = IntentsUI.framework; path = System/Library/Frameworks/IntentsUI.framework; sourceTree = SDKROOT; };
		EAF7760025FBDDEE00D746C1 /* SiriIntent.appex */ = {isa = PBXFileReference; explicitFileType = "wrapper.app-extension"; includeInIndex = 0; path = SiriIntent.appex; sourceTree = BUILT_PRODUCTS_DIR; };
		EAF7760325FBDDEE00D746C1 /* IntentHandler.swift */ = {isa = PBXFileReference; lastKnownFileType = sourcecode.swift; path = IntentHandler.swift; sourceTree = "<group>"; };
		EAF7760525FBDDEE00D746C1 /* Info.plist */ = {isa = PBXFileReference; lastKnownFileType = text.plist.xml; path = Info.plist; sourceTree = "<group>"; };
		EAF7760A25FBDDEE00D746C1 /* SiriIntentUI.appex */ = {isa = PBXFileReference; explicitFileType = "wrapper.app-extension"; includeInIndex = 0; path = SiriIntentUI.appex; sourceTree = BUILT_PRODUCTS_DIR; };
		EAF7760D25FBDDEE00D746C1 /* IntentViewController.swift */ = {isa = PBXFileReference; lastKnownFileType = sourcecode.swift; path = IntentViewController.swift; sourceTree = "<group>"; };
		EAF7761025FBDDEE00D746C1 /* Base */ = {isa = PBXFileReference; lastKnownFileType = file.storyboard; name = Base; path = Base.lproj/MainInterface.storyboard; sourceTree = "<group>"; };
		EAF7761225FBDDEE00D746C1 /* Info.plist */ = {isa = PBXFileReference; lastKnownFileType = text.plist.xml; path = Info.plist; sourceTree = "<group>"; };
		EC49E023B30B4F553313803E /* Pods-Hanmu.release.xcconfig */ = {isa = PBXFileReference; includeInIndex = 1; lastKnownFileType = text.xcconfig; name = "Pods-Hanmu.release.xcconfig"; path = "Target Support Files/Pods-Hanmu/Pods-Hanmu.release.xcconfig"; sourceTree = "<group>"; };
/* End PBXFileReference section */

/* Begin PBXFrameworksBuildPhase section */
		EA2F3A1B25FB688000C145BA /* Frameworks */ = {
			isa = PBXFrameworksBuildPhase;
			buildActionMask = 2147483647;
			files = (
				EAD3F12B25FB6E07005D5265 /* libXGExtension.a in Frameworks */,
			);
			runOnlyForDeploymentPostprocessing = 0;
		};
		EA50375F25F9334B00E233F4 /* Frameworks */ = {
			isa = PBXFrameworksBuildPhase;
			buildActionMask = 2147483647;
			files = (
				EA685B9C25FC57F600D96223 /* Intents.framework in Frameworks */,
				EA685B9D25FC57F600D96223 /* IntentsUI.framework in Frameworks */,
				B1CE0CE01868090CBE723C88 /* Pods_Hanmu.framework in Frameworks */,
			);
			runOnlyForDeploymentPostprocessing = 0;
		};
		EA50377025F9335200E233F4 /* Frameworks */ = {
			isa = PBXFrameworksBuildPhase;
			buildActionMask = 2147483647;
			files = (
			);
			runOnlyForDeploymentPostprocessing = 0;
		};
		EA50377B25F9335200E233F4 /* Frameworks */ = {
			isa = PBXFrameworksBuildPhase;
			buildActionMask = 2147483647;
			files = (
			);
			runOnlyForDeploymentPostprocessing = 0;
		};
		EAF775FD25FBDDEE00D746C1 /* Frameworks */ = {
			isa = PBXFrameworksBuildPhase;
			buildActionMask = 2147483647;
			files = (
				EAF7760125FBDDEE00D746C1 /* Intents.framework in Frameworks */,
			);
			runOnlyForDeploymentPostprocessing = 0;
		};
		EAF7760725FBDDEE00D746C1 /* Frameworks */ = {
			isa = PBXFrameworksBuildPhase;
			buildActionMask = 2147483647;
			files = (
				EAF7760B25FBDDEE00D746C1 /* IntentsUI.framework in Frameworks */,
			);
			runOnlyForDeploymentPostprocessing = 0;
		};
/* End PBXFrameworksBuildPhase section */

/* Begin PBXGroup section */
		EA2F3A1F25FB688000C145BA /* XGExtensionService */ = {
			isa = PBXGroup;
			children = (
				EA2F3A2025FB688000C145BA /* NotificationService.swift */,
				EA2F3A2225FB688000C145BA /* Info.plist */,
				EA2F3A2C25FB68AE00C145BA /* XGExtensionService-Bridging-Header.h */,
			);
			path = XGExtensionService;
			sourceTree = "<group>";
		};
		EA50375925F9334B00E233F4 = {
			isa = PBXGroup;
			children = (
				EAD3F12625FB6D80005D5265 /* NotificationService.m */,
				EA50376425F9334B00E233F4 /* Hanmu */,
				EA50377625F9335200E233F4 /* HanmuTests */,
				EA50378125F9335200E233F4 /* HanmuUITests */,
				EA2F3A1F25FB688000C145BA /* XGExtensionService */,
				EAF7760225FBDDEE00D746C1 /* SiriIntent */,
				EAF7760C25FBDDEE00D746C1 /* SiriIntentUI */,
				EA50376325F9334B00E233F4 /* Products */,
				EA5037BF25F9F4E300E233F4 /* Frameworks */,
				F6923490C5908121E73CE669 /* Pods */,
			);
			sourceTree = "<group>";
		};
		EA50376325F9334B00E233F4 /* Products */ = {
			isa = PBXGroup;
			children = (
				EA50376225F9334B00E233F4 /* Hanmu.app */,
				EA50377325F9335200E233F4 /* HanmuTests.xctest */,
				EA50377E25F9335200E233F4 /* HanmuUITests.xctest */,
				EA2F3A1E25FB688000C145BA /* XGExtensionService.appex */,
				EAF7760025FBDDEE00D746C1 /* SiriIntent.appex */,
				EAF7760A25FBDDEE00D746C1 /* SiriIntentUI.appex */,
			);
			name = Products;
			sourceTree = "<group>";
		};
		EA50376425F9334B00E233F4 /* Hanmu */ = {
			isa = PBXGroup;
			children = (
				EA92EA6C25FE6EF500567D95 /* Model */,
				EA685C2225FC651900D96223 /* View */,
				EA685C1C25FC650000D96223 /* Spider */,
				EAD3F12F25FB77DF005D5265 /* Hanmu.entitlements */,
				EA50376525F9334B00E233F4 /* HanmuApp.swift */,
				EA50376725F9334B00E233F4 /* ContentView.swift */,
				EA50376925F9335100E233F4 /* Assets.xcassets */,
				EA50376E25F9335100E233F4 /* Info.plist */,
				EA50376B25F9335100E233F4 /* Preview Content */,
				EAB322DA25FB33D600DBECC9 /* Hanmu-Bridging-Header.h */,
			);
			path = Hanmu;
			sourceTree = "<group>";
		};
		EA50376B25F9335100E233F4 /* Preview Content */ = {
			isa = PBXGroup;
			children = (
				EA50376C25F9335100E233F4 /* Preview Assets.xcassets */,
			);
			path = "Preview Content";
			sourceTree = "<group>";
		};
		EA50377625F9335200E233F4 /* HanmuTests */ = {
			isa = PBXGroup;
			children = (
				EA50377725F9335200E233F4 /* HanmuTests.swift */,
				EA50377925F9335200E233F4 /* Info.plist */,
			);
			path = HanmuTests;
			sourceTree = "<group>";
		};
		EA50378125F9335200E233F4 /* HanmuUITests */ = {
			isa = PBXGroup;
			children = (
				EA50378225F9335200E233F4 /* HanmuUITests.swift */,
				EA50378425F9335200E233F4 /* Info.plist */,
			);
			path = HanmuUITests;
			sourceTree = "<group>";
		};
		EA5037BF25F9F4E300E233F4 /* Frameworks */ = {
			isa = PBXGroup;
			children = (
				EAD3F11B25FB6CCF005D5265 /* libXGExtension.a */,
				EAD3F11C25FB6CF2005D5265 /* libXGExtension.a */,
				EAD3F11D25FB6CF2005D5265 /* XGExtension.h */,
				EAD3F11A25FB6C9E005D5265 /* TPNS-SDK-iOS-1.3.0.0 */,
				EA2F3A4C25FB6C6100C145BA /* XGExtension.h */,
				EA5037C925FA55DF00E233F4 /* SwiftyJSON.xcodeproj */,
				C9D34BE58AA85CE1CF54F52C /* Pods_Hanmu.framework */,
				EAF7750925FBD18100D746C1 /* Intents.framework */,
				EAF7751425FBD18100D746C1 /* IntentsUI.framework */,
			);
			name = Frameworks;
			sourceTree = "<group>";
		};
		EA5037CA25FA55DF00E233F4 /* Products */ = {
			isa = PBXGroup;
			children = (
				EA5037DD25FA55E000E233F4 /* SwiftyJSON.framework */,
				EA5037DF25FA55E000E233F4 /* SwiftyJSON iOS Tests.xctest */,
				EA5037E125FA55E000E233F4 /* SwiftyJSON.framework */,
				EA5037E325FA55E000E233F4 /* SwiftyJSON macOS Tests.xctest */,
				EA5037E525FA55E000E233F4 /* SwiftyJSON.framework */,
				EA5037E725FA55E000E233F4 /* SwiftyJSON.framework */,
				EA5037E925FA55E000E233F4 /* SwiftyJSON tvOS Tests.xctest */,
			);
			name = Products;
			sourceTree = "<group>";
		};
		EA685C1C25FC650000D96223 /* Spider */ = {
			isa = PBXGroup;
			children = (
				EA5037C525FA3D2200E233F4 /* HanmuSpider.swift */,
				EA685C2825FC65FC00D96223 /* LibrarySpider.swift */,
				EA9BC3AD2600E6F200B71B53 /* URL.playground */,
			);
			name = Spider;
			sourceTree = "<group>";
		};
		EA685C2225FC651900D96223 /* View */ = {
			isa = PBXGroup;
			children = (
				EA685C4325FC829700D96223 /* Library */,
				EA50379325F9344800E233F4 /* Hanmu.swift */,
				EA50379825F9A35100E233F4 /* My.swift */,
			);
			name = View;
			sourceTree = "<group>";
		};
		EA685C4325FC829700D96223 /* Library */ = {
			isa = PBXGroup;
			children = (
				EA685C3B25FC81FF00D96223 /* LibraryView.swift */,
				EA685C4925FC868200D96223 /* AccountEditView.swift */,
				EA685C5025FC951D00D96223 /* BookView.swift */,
				EA9C27D025FCE3AE00B58FC8 /* HistoryListItem.swift */,
				EA92EAA125FEF1C100567D95 /* MyLibraryInfoView.swift */,
				EA92EABC25FF4A5500567D95 /* LibraryHistory.swift */,
			);
			name = Library;
			sourceTree = "<group>";
		};
		EA92EA6C25FE6EF500567D95 /* Model */ = {
			isa = PBXGroup;
			children = (
				EA92EA6D25FE6F0900567D95 /* Library */,
			);
			name = Model;
			sourceTree = "<group>";
		};
		EA92EA6D25FE6F0900567D95 /* Library */ = {
			isa = PBXGroup;
			children = (
				EA92EA6F25FE6F2100567D95 /* Seat.swift */,
				EA92EA7B25FE6F4200567D95 /* Room.swift */,
				EA92EA8225FE6F5200567D95 /* Building.swift */,
				EA92EA9825FE6FF900567D95 /* Book.swift */,
				EA92EAA825FF15E400567D95 /* LibraryTime.swift */,
			);
			name = Library;
			sourceTree = "<group>";
		};
		EAF7760225FBDDEE00D746C1 /* SiriIntent */ = {
			isa = PBXGroup;
			children = (
				EAF7760325FBDDEE00D746C1 /* IntentHandler.swift */,
				EAF7760525FBDDEE00D746C1 /* Info.plist */,
				EA685BB225FC59EE00D96223 /* SiriKitIntentDefinition.intentdefinition */,
			);
			path = SiriIntent;
			sourceTree = "<group>";
		};
		EAF7760C25FBDDEE00D746C1 /* SiriIntentUI */ = {
			isa = PBXGroup;
			children = (
				EAF7760D25FBDDEE00D746C1 /* IntentViewController.swift */,
				EAF7760F25FBDDEE00D746C1 /* MainInterface.storyboard */,
				EAF7761225FBDDEE00D746C1 /* Info.plist */,
			);
			path = SiriIntentUI;
			sourceTree = "<group>";
		};
		F6923490C5908121E73CE669 /* Pods */ = {
			isa = PBXGroup;
			children = (
				43DCFF5A53D394E1129C7D8A /* Pods-Hanmu.debug.xcconfig */,
				EC49E023B30B4F553313803E /* Pods-Hanmu.release.xcconfig */,
			);
			path = Pods;
			sourceTree = "<group>";
		};
/* End PBXGroup section */

/* Begin PBXNativeTarget section */
		EA2F3A1D25FB688000C145BA /* XGExtensionService */ = {
			isa = PBXNativeTarget;
			buildConfigurationList = EA2F3A2625FB688000C145BA /* Build configuration list for PBXNativeTarget "XGExtensionService" */;
			buildPhases = (
				EA2F3A1A25FB688000C145BA /* Sources */,
				EA2F3A1B25FB688000C145BA /* Frameworks */,
				EA2F3A1C25FB688000C145BA /* Resources */,
			);
			buildRules = (
			);
			dependencies = (
			);
			name = XGExtensionService;
			productName = XGExtensionService;
			productReference = EA2F3A1E25FB688000C145BA /* XGExtensionService.appex */;
			productType = "com.apple.product-type.app-extension";
		};
		EA50376125F9334B00E233F4 /* Hanmu */ = {
			isa = PBXNativeTarget;
			buildConfigurationList = EA50378725F9335200E233F4 /* Build configuration list for PBXNativeTarget "Hanmu" */;
			buildPhases = (
				B834FACE1171F5547E6ED596 /* [CP] Check Pods Manifest.lock */,
				EA50375E25F9334B00E233F4 /* Sources */,
				EA50375F25F9334B00E233F4 /* Frameworks */,
				EA50376025F9334B00E233F4 /* Resources */,
				EA5037C225F9F4E300E233F4 /* Embed Frameworks */,
				7B444FEA9FD740BBDA545CE0 /* [CP] Copy Pods Resources */,
				9E4C2DCC4F2821C6D1BA57EA /* [CP] Embed Pods Frameworks */,
				EAB3233D25FB649100DBECC9 /* Embed App Extensions */,
			);
			buildRules = (
			);
			dependencies = (
				EA2F3A2425FB688000C145BA /* PBXTargetDependency */,
				EAF7761425FBDDEE00D746C1 /* PBXTargetDependency */,
				EAF7761725FBDDEE00D746C1 /* PBXTargetDependency */,
			);
			name = Hanmu;
			productName = Hanmu;
			productReference = EA50376225F9334B00E233F4 /* Hanmu.app */;
			productType = "com.apple.product-type.application";
		};
		EA50377225F9335200E233F4 /* HanmuTests */ = {
			isa = PBXNativeTarget;
			buildConfigurationList = EA50378A25F9335200E233F4 /* Build configuration list for PBXNativeTarget "HanmuTests" */;
			buildPhases = (
				EA50376F25F9335200E233F4 /* Sources */,
				EA50377025F9335200E233F4 /* Frameworks */,
				EA50377125F9335200E233F4 /* Resources */,
			);
			buildRules = (
			);
			dependencies = (
				EA50377525F9335200E233F4 /* PBXTargetDependency */,
			);
			name = HanmuTests;
			productName = HanmuTests;
			productReference = EA50377325F9335200E233F4 /* HanmuTests.xctest */;
			productType = "com.apple.product-type.bundle.unit-test";
		};
		EA50377D25F9335200E233F4 /* HanmuUITests */ = {
			isa = PBXNativeTarget;
			buildConfigurationList = EA50378D25F9335200E233F4 /* Build configuration list for PBXNativeTarget "HanmuUITests" */;
			buildPhases = (
				EA50377A25F9335200E233F4 /* Sources */,
				EA50377B25F9335200E233F4 /* Frameworks */,
				EA50377C25F9335200E233F4 /* Resources */,
			);
			buildRules = (
			);
			dependencies = (
				EA50378025F9335200E233F4 /* PBXTargetDependency */,
			);
			name = HanmuUITests;
			productName = HanmuUITests;
			productReference = EA50377E25F9335200E233F4 /* HanmuUITests.xctest */;
			productType = "com.apple.product-type.bundle.ui-testing";
		};
		EAF775FF25FBDDEE00D746C1 /* SiriIntent */ = {
			isa = PBXNativeTarget;
			buildConfigurationList = EAF7761C25FBDDEE00D746C1 /* Build configuration list for PBXNativeTarget "SiriIntent" */;
			buildPhases = (
				EAF775FC25FBDDEE00D746C1 /* Sources */,
				EAF775FD25FBDDEE00D746C1 /* Frameworks */,
				EAF775FE25FBDDEE00D746C1 /* Resources */,
			);
			buildRules = (
			);
			dependencies = (
			);
			name = SiriIntent;
			productName = SiriIntent;
			productReference = EAF7760025FBDDEE00D746C1 /* SiriIntent.appex */;
			productType = "com.apple.product-type.app-extension";
		};
		EAF7760925FBDDEE00D746C1 /* SiriIntentUI */ = {
			isa = PBXNativeTarget;
			buildConfigurationList = EAF7761925FBDDEE00D746C1 /* Build configuration list for PBXNativeTarget "SiriIntentUI" */;
			buildPhases = (
				EAF7760625FBDDEE00D746C1 /* Sources */,
				EAF7760725FBDDEE00D746C1 /* Frameworks */,
				EAF7760825FBDDEE00D746C1 /* Resources */,
			);
			buildRules = (
			);
			dependencies = (
			);
			name = SiriIntentUI;
			productName = SiriIntentUI;
			productReference = EAF7760A25FBDDEE00D746C1 /* SiriIntentUI.appex */;
			productType = "com.apple.product-type.app-extension";
		};
/* End PBXNativeTarget section */

/* Begin PBXProject section */
		EA50375A25F9334B00E233F4 /* Project object */ = {
			isa = PBXProject;
			attributes = {
				LastSwiftUpdateCheck = 1240;
				LastUpgradeCheck = 1240;
				TargetAttributes = {
					EA2F3A1D25FB688000C145BA = {
						CreatedOnToolsVersion = 12.4;
						LastSwiftMigration = 1240;
					};
					EA50376125F9334B00E233F4 = {
						CreatedOnToolsVersion = 12.4;
						LastSwiftMigration = 1240;
					};
					EA50377225F9335200E233F4 = {
						CreatedOnToolsVersion = 12.4;
						TestTargetID = EA50376125F9334B00E233F4;
					};
					EA50377D25F9335200E233F4 = {
						CreatedOnToolsVersion = 12.4;
						TestTargetID = EA50376125F9334B00E233F4;
					};
					EAF775FF25FBDDEE00D746C1 = {
						CreatedOnToolsVersion = 12.4;
					};
					EAF7760925FBDDEE00D746C1 = {
						CreatedOnToolsVersion = 12.4;
					};
				};
			};
			buildConfigurationList = EA50375D25F9334B00E233F4 /* Build configuration list for PBXProject "Hanmu" */;
			compatibilityVersion = "Xcode 9.3";
			developmentRegion = en;
			hasScannedForEncodings = 0;
			knownRegions = (
				en,
				Base,
			);
			mainGroup = EA50375925F9334B00E233F4;
			productRefGroup = EA50376325F9334B00E233F4 /* Products */;
			projectDirPath = "";
			projectReferences = (
				{
					ProductGroup = EA5037CA25FA55DF00E233F4 /* Products */;
					ProjectRef = EA5037C925FA55DF00E233F4 /* SwiftyJSON.xcodeproj */;
				},
			);
			projectRoot = "";
			targets = (
				EA50376125F9334B00E233F4 /* Hanmu */,
				EA50377225F9335200E233F4 /* HanmuTests */,
				EA50377D25F9335200E233F4 /* HanmuUITests */,
				EA2F3A1D25FB688000C145BA /* XGExtensionService */,
				EAF775FF25FBDDEE00D746C1 /* SiriIntent */,
				EAF7760925FBDDEE00D746C1 /* SiriIntentUI */,
			);
		};
/* End PBXProject section */

/* Begin PBXReferenceProxy section */
		EA5037DD25FA55E000E233F4 /* SwiftyJSON.framework */ = {
			isa = PBXReferenceProxy;
			fileType = wrapper.framework;
			path = SwiftyJSON.framework;
			remoteRef = EA5037DC25FA55E000E233F4 /* PBXContainerItemProxy */;
			sourceTree = BUILT_PRODUCTS_DIR;
		};
		EA5037DF25FA55E000E233F4 /* SwiftyJSON iOS Tests.xctest */ = {
			isa = PBXReferenceProxy;
			fileType = wrapper.cfbundle;
			path = "SwiftyJSON iOS Tests.xctest";
			remoteRef = EA5037DE25FA55E000E233F4 /* PBXContainerItemProxy */;
			sourceTree = BUILT_PRODUCTS_DIR;
		};
		EA5037E125FA55E000E233F4 /* SwiftyJSON.framework */ = {
			isa = PBXReferenceProxy;
			fileType = wrapper.framework;
			path = SwiftyJSON.framework;
			remoteRef = EA5037E025FA55E000E233F4 /* PBXContainerItemProxy */;
			sourceTree = BUILT_PRODUCTS_DIR;
		};
		EA5037E325FA55E000E233F4 /* SwiftyJSON macOS Tests.xctest */ = {
			isa = PBXReferenceProxy;
			fileType = wrapper.cfbundle;
			path = "SwiftyJSON macOS Tests.xctest";
			remoteRef = EA5037E225FA55E000E233F4 /* PBXContainerItemProxy */;
			sourceTree = BUILT_PRODUCTS_DIR;
		};
		EA5037E525FA55E000E233F4 /* SwiftyJSON.framework */ = {
			isa = PBXReferenceProxy;
			fileType = wrapper.framework;
			path = SwiftyJSON.framework;
			remoteRef = EA5037E425FA55E000E233F4 /* PBXContainerItemProxy */;
			sourceTree = BUILT_PRODUCTS_DIR;
		};
		EA5037E725FA55E000E233F4 /* SwiftyJSON.framework */ = {
			isa = PBXReferenceProxy;
			fileType = wrapper.framework;
			path = SwiftyJSON.framework;
			remoteRef = EA5037E625FA55E000E233F4 /* PBXContainerItemProxy */;
			sourceTree = BUILT_PRODUCTS_DIR;
		};
		EA5037E925FA55E000E233F4 /* SwiftyJSON tvOS Tests.xctest */ = {
			isa = PBXReferenceProxy;
			fileType = wrapper.cfbundle;
			path = "SwiftyJSON tvOS Tests.xctest";
			remoteRef = EA5037E825FA55E000E233F4 /* PBXContainerItemProxy */;
			sourceTree = BUILT_PRODUCTS_DIR;
		};
/* End PBXReferenceProxy section */

/* Begin PBXResourcesBuildPhase section */
		EA2F3A1C25FB688000C145BA /* Resources */ = {
			isa = PBXResourcesBuildPhase;
			buildActionMask = 2147483647;
			files = (
			);
			runOnlyForDeploymentPostprocessing = 0;
		};
		EA50376025F9334B00E233F4 /* Resources */ = {
			isa = PBXResourcesBuildPhase;
			buildActionMask = 2147483647;
			files = (
				EA50376D25F9335100E233F4 /* Preview Assets.xcassets in Resources */,
				EA50376A25F9335100E233F4 /* Assets.xcassets in Resources */,
			);
			runOnlyForDeploymentPostprocessing = 0;
		};
		EA50377125F9335200E233F4 /* Resources */ = {
			isa = PBXResourcesBuildPhase;
			buildActionMask = 2147483647;
			files = (
			);
			runOnlyForDeploymentPostprocessing = 0;
		};
		EA50377C25F9335200E233F4 /* Resources */ = {
			isa = PBXResourcesBuildPhase;
			buildActionMask = 2147483647;
			files = (
			);
			runOnlyForDeploymentPostprocessing = 0;
		};
		EAF775FE25FBDDEE00D746C1 /* Resources */ = {
			isa = PBXResourcesBuildPhase;
			buildActionMask = 2147483647;
			files = (
			);
			runOnlyForDeploymentPostprocessing = 0;
		};
		EAF7760825FBDDEE00D746C1 /* Resources */ = {
			isa = PBXResourcesBuildPhase;
			buildActionMask = 2147483647;
			files = (
				EAF7761125FBDDEE00D746C1 /* MainInterface.storyboard in Resources */,
			);
			runOnlyForDeploymentPostprocessing = 0;
		};
/* End PBXResourcesBuildPhase section */

/* Begin PBXShellScriptBuildPhase section */
		7B444FEA9FD740BBDA545CE0 /* [CP] Copy Pods Resources */ = {
			isa = PBXShellScriptBuildPhase;
			buildActionMask = 2147483647;
			files = (
			);
			inputFileListPaths = (
				"${PODS_ROOT}/Target Support Files/Pods-Hanmu/Pods-Hanmu-resources-${CONFIGURATION}-input-files.xcfilelist",
			);
			name = "[CP] Copy Pods Resources";
			outputFileListPaths = (
				"${PODS_ROOT}/Target Support Files/Pods-Hanmu/Pods-Hanmu-resources-${CONFIGURATION}-output-files.xcfilelist",
			);
			runOnlyForDeploymentPostprocessing = 0;
			shellPath = /bin/sh;
			shellScript = "\"${PODS_ROOT}/Target Support Files/Pods-Hanmu/Pods-Hanmu-resources.sh\"\n";
			showEnvVarsInLog = 0;
		};
		9E4C2DCC4F2821C6D1BA57EA /* [CP] Embed Pods Frameworks */ = {
			isa = PBXShellScriptBuildPhase;
			buildActionMask = 2147483647;
			files = (
			);
			inputFileListPaths = (
				"${PODS_ROOT}/Target Support Files/Pods-Hanmu/Pods-Hanmu-frameworks-${CONFIGURATION}-input-files.xcfilelist",
			);
			name = "[CP] Embed Pods Frameworks";
			outputFileListPaths = (
				"${PODS_ROOT}/Target Support Files/Pods-Hanmu/Pods-Hanmu-frameworks-${CONFIGURATION}-output-files.xcfilelist",
			);
			runOnlyForDeploymentPostprocessing = 0;
			shellPath = /bin/sh;
			shellScript = "\"${PODS_ROOT}/Target Support Files/Pods-Hanmu/Pods-Hanmu-frameworks.sh\"\n";
			showEnvVarsInLog = 0;
		};
		B834FACE1171F5547E6ED596 /* [CP] Check Pods Manifest.lock */ = {
			isa = PBXShellScriptBuildPhase;
			buildActionMask = 2147483647;
			files = (
			);
			inputFileListPaths = (
			);
			inputPaths = (
				"${PODS_PODFILE_DIR_PATH}/Podfile.lock",
				"${PODS_ROOT}/Manifest.lock",
			);
			name = "[CP] Check Pods Manifest.lock";
			outputFileListPaths = (
			);
			outputPaths = (
				"$(DERIVED_FILE_DIR)/Pods-Hanmu-checkManifestLockResult.txt",
			);
			runOnlyForDeploymentPostprocessing = 0;
			shellPath = /bin/sh;
			shellScript = "diff \"${PODS_PODFILE_DIR_PATH}/Podfile.lock\" \"${PODS_ROOT}/Manifest.lock\" > /dev/null\nif [ $? != 0 ] ; then\n    # print error to STDERR\n    echo \"error: The sandbox is not in sync with the Podfile.lock. Run 'pod install' or update your CocoaPods installation.\" >&2\n    exit 1\nfi\n# This output is used by Xcode 'outputs' to avoid re-running this script phase.\necho \"SUCCESS\" > \"${SCRIPT_OUTPUT_FILE_0}\"\n";
			showEnvVarsInLog = 0;
		};
/* End PBXShellScriptBuildPhase section */

/* Begin PBXSourcesBuildPhase section */
		EA2F3A1A25FB688000C145BA /* Sources */ = {
			isa = PBXSourcesBuildPhase;
			buildActionMask = 2147483647;
			files = (
				EAD3F12725FB6D80005D5265 /* NotificationService.m in Sources */,
				EA685BB625FC59EE00D96223 /* SiriKitIntentDefinition.intentdefinition in Sources */,
				EA2F3A2125FB688000C145BA /* NotificationService.swift in Sources */,
			);
			runOnlyForDeploymentPostprocessing = 0;
		};
		EA50375E25F9334B00E233F4 /* Sources */ = {
			isa = PBXSourcesBuildPhase;
			buildActionMask = 2147483647;
			files = (
				EA685C4A25FC868200D96223 /* AccountEditView.swift in Sources */,
				EA5037C625FA3D2200E233F4 /* HanmuSpider.swift in Sources */,
				EA92EA7025FE6F2100567D95 /* Seat.swift in Sources */,
				EA685BB325FC59EE00D96223 /* SiriKitIntentDefinition.intentdefinition in Sources */,
				EA92EAA225FEF1C100567D95 /* MyLibraryInfoView.swift in Sources */,
				EA50379425F9344800E233F4 /* Hanmu.swift in Sources */,
				EA92EABD25FF4A5500567D95 /* LibraryHistory.swift in Sources */,
				EA50379925F9A35100E233F4 /* My.swift in Sources */,
				EA92EA7C25FE6F4200567D95 /* Room.swift in Sources */,
				EA9C27D125FCE3AE00B58FC8 /* HistoryListItem.swift in Sources */,
				EA92EA9925FE6FF900567D95 /* Book.swift in Sources */,
				EA685C2925FC65FC00D96223 /* LibrarySpider.swift in Sources */,
				EA685C3C25FC81FF00D96223 /* LibraryView.swift in Sources */,
				EA92EAA925FF15E400567D95 /* LibraryTime.swift in Sources */,
				EA50376825F9334B00E233F4 /* ContentView.swift in Sources */,
				EA685C5125FC951D00D96223 /* BookView.swift in Sources */,
				EA50376625F9334B00E233F4 /* HanmuApp.swift in Sources */,
				EA92EA8325FE6F5200567D95 /* Building.swift in Sources */,
			);
			runOnlyForDeploymentPostprocessing = 0;
		};
		EA50376F25F9335200E233F4 /* Sources */ = {
			isa = PBXSourcesBuildPhase;
			buildActionMask = 2147483647;
			files = (
				EA50377825F9335200E233F4 /* HanmuTests.swift in Sources */,
				EA685BB425FC59EE00D96223 /* SiriKitIntentDefinition.intentdefinition in Sources */,
			);
			runOnlyForDeploymentPostprocessing = 0;
		};
		EA50377A25F9335200E233F4 /* Sources */ = {
			isa = PBXSourcesBuildPhase;
			buildActionMask = 2147483647;
			files = (
				EA50378325F9335200E233F4 /* HanmuUITests.swift in Sources */,
				EA685BB525FC59EE00D96223 /* SiriKitIntentDefinition.intentdefinition in Sources */,
			);
			runOnlyForDeploymentPostprocessing = 0;
		};
		EAF775FC25FBDDEE00D746C1 /* Sources */ = {
			isa = PBXSourcesBuildPhase;
			buildActionMask = 2147483647;
			files = (
				EAF7760425FBDDEE00D746C1 /* IntentHandler.swift in Sources */,
				EA685BB725FC59EE00D96223 /* SiriKitIntentDefinition.intentdefinition in Sources */,
			);
			runOnlyForDeploymentPostprocessing = 0;
		};
		EAF7760625FBDDEE00D746C1 /* Sources */ = {
			isa = PBXSourcesBuildPhase;
			buildActionMask = 2147483647;
			files = (
				EAF7760E25FBDDEE00D746C1 /* IntentViewController.swift in Sources */,
				EA685BC325FC59FF00D96223 /* SiriKitIntentDefinition.intentdefinition in Sources */,
			);
			runOnlyForDeploymentPostprocessing = 0;
		};
/* End PBXSourcesBuildPhase section */

/* Begin PBXTargetDependency section */
		EA2F3A2425FB688000C145BA /* PBXTargetDependency */ = {
			isa = PBXTargetDependency;
			target = EA2F3A1D25FB688000C145BA /* XGExtensionService */;
			targetProxy = EA2F3A2325FB688000C145BA /* PBXContainerItemProxy */;
		};
		EA50377525F9335200E233F4 /* PBXTargetDependency */ = {
			isa = PBXTargetDependency;
			target = EA50376125F9334B00E233F4 /* Hanmu */;
			targetProxy = EA50377425F9335200E233F4 /* PBXContainerItemProxy */;
		};
		EA50378025F9335200E233F4 /* PBXTargetDependency */ = {
			isa = PBXTargetDependency;
			target = EA50376125F9334B00E233F4 /* Hanmu */;
			targetProxy = EA50377F25F9335200E233F4 /* PBXContainerItemProxy */;
		};
		EAF7761425FBDDEE00D746C1 /* PBXTargetDependency */ = {
			isa = PBXTargetDependency;
			target = EAF7760925FBDDEE00D746C1 /* SiriIntentUI */;
			targetProxy = EAF7761325FBDDEE00D746C1 /* PBXContainerItemProxy */;
		};
		EAF7761725FBDDEE00D746C1 /* PBXTargetDependency */ = {
			isa = PBXTargetDependency;
			target = EAF775FF25FBDDEE00D746C1 /* SiriIntent */;
			targetProxy = EAF7761625FBDDEE00D746C1 /* PBXContainerItemProxy */;
		};
/* End PBXTargetDependency section */

/* Begin PBXVariantGroup section */
		EAF7760F25FBDDEE00D746C1 /* MainInterface.storyboard */ = {
			isa = PBXVariantGroup;
			children = (
				EAF7761025FBDDEE00D746C1 /* Base */,
			);
			name = MainInterface.storyboard;
			sourceTree = "<group>";
		};
/* End PBXVariantGroup section */

/* Begin XCBuildConfiguration section */
		EA2F3A2725FB688000C145BA /* Debug */ = {
			isa = XCBuildConfiguration;
			buildSettings = {
				CLANG_ENABLE_MODULES = YES;
				CODE_SIGN_STYLE = Automatic;
				CURRENT_PROJECT_VERSION = 5;
				DEVELOPMENT_TEAM = FVMV4JVH4T;
				INFOPLIST_FILE = XGExtensionService/Info.plist;
				IPHONEOS_DEPLOYMENT_TARGET = 14.1;
				LD_RUNPATH_SEARCH_PATHS = (
					"$(inherited)",
					"@executable_path/Frameworks",
					"@executable_path/../../Frameworks",
				);
				LIBRARY_SEARCH_PATHS = (
					"$(inherited)",
					"$(PROJECT_DIR)/TPNSService/TPNSExtensionLib",
				);
				MARKETING_VERSION = 1.1;
				PRODUCT_BUNDLE_IDENTIFIER = com.nowcent.hanmu.xiaoqing.XGExtensionService;
				PRODUCT_NAME = "$(TARGET_NAME)";
				SKIP_INSTALL = YES;
				SWIFT_OBJC_BRIDGING_HEADER = "XGExtensionService/XGExtensionService-Bridging-Header.h";
				SWIFT_OPTIMIZATION_LEVEL = "-Onone";
				SWIFT_VERSION = 5.0;
				TARGETED_DEVICE_FAMILY = "1,2";
			};
			name = Debug;
		};
		EA2F3A2825FB688000C145BA /* Release */ = {
			isa = XCBuildConfiguration;
			buildSettings = {
				CLANG_ENABLE_MODULES = YES;
				CODE_SIGN_STYLE = Automatic;
				CURRENT_PROJECT_VERSION = 5;
				DEVELOPMENT_TEAM = FVMV4JVH4T;
				INFOPLIST_FILE = XGExtensionService/Info.plist;
				IPHONEOS_DEPLOYMENT_TARGET = 14.1;
				LD_RUNPATH_SEARCH_PATHS = (
					"$(inherited)",
					"@executable_path/Frameworks",
					"@executable_path/../../Frameworks",
				);
				LIBRARY_SEARCH_PATHS = (
					"$(inherited)",
					"$(PROJECT_DIR)/TPNSService/TPNSExtensionLib",
				);
				MARKETING_VERSION = 1.1;
				PRODUCT_BUNDLE_IDENTIFIER = com.nowcent.hanmu.xiaoqing.XGExtensionService;
				PRODUCT_NAME = "$(TARGET_NAME)";
				SKIP_INSTALL = YES;
				SWIFT_OBJC_BRIDGING_HEADER = "XGExtensionService/XGExtensionService-Bridging-Header.h";
				SWIFT_VERSION = 5.0;
				TARGETED_DEVICE_FAMILY = "1,2";
			};
			name = Release;
		};
		EA50378525F9335200E233F4 /* Debug */ = {
			isa = XCBuildConfiguration;
			buildSettings = {
				ALWAYS_SEARCH_USER_PATHS = NO;
				CLANG_ANALYZER_NONNULL = YES;
				CLANG_ANALYZER_NUMBER_OBJECT_CONVERSION = YES_AGGRESSIVE;
				CLANG_CXX_LANGUAGE_STANDARD = "gnu++14";
				CLANG_CXX_LIBRARY = "libc++";
				CLANG_ENABLE_MODULES = YES;
				CLANG_ENABLE_OBJC_ARC = YES;
				CLANG_ENABLE_OBJC_WEAK = YES;
				CLANG_WARN_BLOCK_CAPTURE_AUTORELEASING = YES;
				CLANG_WARN_BOOL_CONVERSION = YES;
				CLANG_WARN_COMMA = YES;
				CLANG_WARN_CONSTANT_CONVERSION = YES;
				CLANG_WARN_DEPRECATED_OBJC_IMPLEMENTATIONS = YES;
				CLANG_WARN_DIRECT_OBJC_ISA_USAGE = YES_ERROR;
				CLANG_WARN_DOCUMENTATION_COMMENTS = YES;
				CLANG_WARN_EMPTY_BODY = YES;
				CLANG_WARN_ENUM_CONVERSION = YES;
				CLANG_WARN_INFINITE_RECURSION = YES;
				CLANG_WARN_INT_CONVERSION = YES;
				CLANG_WARN_NON_LITERAL_NULL_CONVERSION = YES;
				CLANG_WARN_OBJC_IMPLICIT_RETAIN_SELF = YES;
				CLANG_WARN_OBJC_LITERAL_CONVERSION = YES;
				CLANG_WARN_OBJC_ROOT_CLASS = YES_ERROR;
				CLANG_WARN_QUOTED_INCLUDE_IN_FRAMEWORK_HEADER = YES;
				CLANG_WARN_RANGE_LOOP_ANALYSIS = YES;
				CLANG_WARN_STRICT_PROTOTYPES = YES;
				CLANG_WARN_SUSPICIOUS_MOVE = YES;
				CLANG_WARN_UNGUARDED_AVAILABILITY = YES_AGGRESSIVE;
				CLANG_WARN_UNREACHABLE_CODE = YES;
				CLANG_WARN__DUPLICATE_METHOD_MATCH = YES;
				COPY_PHASE_STRIP = NO;
				DEBUG_INFORMATION_FORMAT = dwarf;
				ENABLE_STRICT_OBJC_MSGSEND = YES;
				ENABLE_TESTABILITY = YES;
				GCC_C_LANGUAGE_STANDARD = gnu11;
				GCC_DYNAMIC_NO_PIC = NO;
				GCC_NO_COMMON_BLOCKS = YES;
				GCC_OPTIMIZATION_LEVEL = 0;
				GCC_PREPROCESSOR_DEFINITIONS = (
					"DEBUG=1",
					"$(inherited)",
				);
				GCC_WARN_64_TO_32_BIT_CONVERSION = YES;
				GCC_WARN_ABOUT_RETURN_TYPE = YES_ERROR;
				GCC_WARN_UNDECLARED_SELECTOR = YES;
				GCC_WARN_UNINITIALIZED_AUTOS = YES_AGGRESSIVE;
				GCC_WARN_UNUSED_FUNCTION = YES;
				GCC_WARN_UNUSED_VARIABLE = YES;
				IPHONEOS_DEPLOYMENT_TARGET = 14.4;
				MTL_ENABLE_DEBUG_INFO = INCLUDE_SOURCE;
				MTL_FAST_MATH = YES;
				ONLY_ACTIVE_ARCH = YES;
				OTHER_LDFLAGS = "-ObjC";
				PRODUCT_NAME = "我要跑汉姆";
				SDKROOT = iphoneos;
				SWIFT_ACTIVE_COMPILATION_CONDITIONS = DEBUG;
				SWIFT_OPTIMIZATION_LEVEL = "-Onone";
			};
			name = Debug;
		};
		EA50378625F9335200E233F4 /* Release */ = {
			isa = XCBuildConfiguration;
			buildSettings = {
				ALWAYS_SEARCH_USER_PATHS = NO;
				CLANG_ANALYZER_NONNULL = YES;
				CLANG_ANALYZER_NUMBER_OBJECT_CONVERSION = YES_AGGRESSIVE;
				CLANG_CXX_LANGUAGE_STANDARD = "gnu++14";
				CLANG_CXX_LIBRARY = "libc++";
				CLANG_ENABLE_MODULES = YES;
				CLANG_ENABLE_OBJC_ARC = YES;
				CLANG_ENABLE_OBJC_WEAK = YES;
				CLANG_WARN_BLOCK_CAPTURE_AUTORELEASING = YES;
				CLANG_WARN_BOOL_CONVERSION = YES;
				CLANG_WARN_COMMA = YES;
				CLANG_WARN_CONSTANT_CONVERSION = YES;
				CLANG_WARN_DEPRECATED_OBJC_IMPLEMENTATIONS = YES;
				CLANG_WARN_DIRECT_OBJC_ISA_USAGE = YES_ERROR;
				CLANG_WARN_DOCUMENTATION_COMMENTS = YES;
				CLANG_WARN_EMPTY_BODY = YES;
				CLANG_WARN_ENUM_CONVERSION = YES;
				CLANG_WARN_INFINITE_RECURSION = YES;
				CLANG_WARN_INT_CONVERSION = YES;
				CLANG_WARN_NON_LITERAL_NULL_CONVERSION = YES;
				CLANG_WARN_OBJC_IMPLICIT_RETAIN_SELF = YES;
				CLANG_WARN_OBJC_LITERAL_CONVERSION = YES;
				CLANG_WARN_OBJC_ROOT_CLASS = YES_ERROR;
				CLANG_WARN_QUOTED_INCLUDE_IN_FRAMEWORK_HEADER = YES;
				CLANG_WARN_RANGE_LOOP_ANALYSIS = YES;
				CLANG_WARN_STRICT_PROTOTYPES = YES;
				CLANG_WARN_SUSPICIOUS_MOVE = YES;
				CLANG_WARN_UNGUARDED_AVAILABILITY = YES_AGGRESSIVE;
				CLANG_WARN_UNREACHABLE_CODE = YES;
				CLANG_WARN__DUPLICATE_METHOD_MATCH = YES;
				COPY_PHASE_STRIP = NO;
				DEBUG_INFORMATION_FORMAT = "dwarf-with-dsym";
				ENABLE_NS_ASSERTIONS = NO;
				ENABLE_STRICT_OBJC_MSGSEND = YES;
				GCC_C_LANGUAGE_STANDARD = gnu11;
				GCC_NO_COMMON_BLOCKS = YES;
				GCC_WARN_64_TO_32_BIT_CONVERSION = YES;
				GCC_WARN_ABOUT_RETURN_TYPE = YES_ERROR;
				GCC_WARN_UNDECLARED_SELECTOR = YES;
				GCC_WARN_UNINITIALIZED_AUTOS = YES_AGGRESSIVE;
				GCC_WARN_UNUSED_FUNCTION = YES;
				GCC_WARN_UNUSED_VARIABLE = YES;
				IPHONEOS_DEPLOYMENT_TARGET = 14.4;
				MTL_ENABLE_DEBUG_INFO = NO;
				MTL_FAST_MATH = YES;
				OTHER_LDFLAGS = "-ObjC";
				PRODUCT_NAME = "我要跑汉姆";
				SDKROOT = iphoneos;
				SWIFT_COMPILATION_MODE = wholemodule;
				SWIFT_OPTIMIZATION_LEVEL = "-O";
				VALIDATE_PRODUCT = YES;
			};
			name = Release;
		};
		EA50378825F9335200E233F4 /* Debug */ = {
			isa = XCBuildConfiguration;
			baseConfigurationReference = 43DCFF5A53D394E1129C7D8A /* Pods-Hanmu.debug.xcconfig */;
			buildSettings = {
				ALWAYS_EMBED_SWIFT_STANDARD_LIBRARIES = YES;
				ASSETCATALOG_COMPILER_APPICON_NAME = AppIcon;
				ASSETCATALOG_COMPILER_GLOBAL_ACCENT_COLOR_NAME = AccentColor;
				CLANG_ENABLE_MODULES = YES;
				CODE_SIGN_ENTITLEMENTS = Hanmu/Hanmu.entitlements;
				CODE_SIGN_STYLE = Automatic;
				CURRENT_PROJECT_VERSION = 5;
				DEFINES_MODULE = YES;
				DEVELOPMENT_ASSET_PATHS = "\"Hanmu/Preview Content\"";
				DEVELOPMENT_TEAM = FVMV4JVH4T;
				ENABLE_PREVIEWS = YES;
				INFOPLIST_FILE = Hanmu/Info.plist;
				IPHONEOS_DEPLOYMENT_TARGET = 14.1;
				LD_RUNPATH_SEARCH_PATHS = (
					"$(inherited)",
					"@executable_path/Frameworks",
				);
				MARKETING_VERSION = 1.1;
				PRODUCT_BUNDLE_IDENTIFIER = com.nowcent.hanmu.xiaoqing;
				PRODUCT_NAME = "$(TARGET_NAME)";
				SWIFT_OBJC_BRIDGING_HEADER = "Hanmu/Hanmu-Bridging-Header.h";
				SWIFT_OPTIMIZATION_LEVEL = "-Onone";
				SWIFT_VERSION = 5.0;
				TARGETED_DEVICE_FAMILY = "1,2";
			};
			name = Debug;
		};
		EA50378925F9335200E233F4 /* Release */ = {
			isa = XCBuildConfiguration;
			baseConfigurationReference = EC49E023B30B4F553313803E /* Pods-Hanmu.release.xcconfig */;
			buildSettings = {
				ALWAYS_EMBED_SWIFT_STANDARD_LIBRARIES = YES;
				ASSETCATALOG_COMPILER_APPICON_NAME = AppIcon;
				ASSETCATALOG_COMPILER_GLOBAL_ACCENT_COLOR_NAME = AccentColor;
				CLANG_ENABLE_MODULES = YES;
				CODE_SIGN_ENTITLEMENTS = Hanmu/Hanmu.entitlements;
				CODE_SIGN_STYLE = Automatic;
				CURRENT_PROJECT_VERSION = 5;
				DEFINES_MODULE = YES;
				DEVELOPMENT_ASSET_PATHS = "\"Hanmu/Preview Content\"";
				DEVELOPMENT_TEAM = FVMV4JVH4T;
				ENABLE_PREVIEWS = YES;
				INFOPLIST_FILE = Hanmu/Info.plist;
				IPHONEOS_DEPLOYMENT_TARGET = 14.1;
				LD_RUNPATH_SEARCH_PATHS = (
					"$(inherited)",
					"@executable_path/Frameworks",
				);
				MARKETING_VERSION = 1.1;
				PRODUCT_BUNDLE_IDENTIFIER = com.nowcent.hanmu.xiaoqing;
				PRODUCT_NAME = "$(TARGET_NAME)";
				SWIFT_OBJC_BRIDGING_HEADER = "Hanmu/Hanmu-Bridging-Header.h";
				SWIFT_VERSION = 5.0;
				TARGETED_DEVICE_FAMILY = "1,2";
			};
			name = Release;
		};
		EA50378B25F9335200E233F4 /* Debug */ = {
			isa = XCBuildConfiguration;
			buildSettings = {
				ALWAYS_EMBED_SWIFT_STANDARD_LIBRARIES = YES;
				BUNDLE_LOADER = "$(TEST_HOST)";
				CODE_SIGN_STYLE = Automatic;
				DEVELOPMENT_TEAM = 97YACL9S6W;
				INFOPLIST_FILE = HanmuTests/Info.plist;
				IPHONEOS_DEPLOYMENT_TARGET = 14.0;
				LD_RUNPATH_SEARCH_PATHS = (
					"$(inherited)",
					"@executable_path/Frameworks",
					"@loader_path/Frameworks",
				);
				PRODUCT_BUNDLE_IDENTIFIER = com.nowcent.HanmuTests;
				PRODUCT_NAME = "$(TARGET_NAME)";
				SWIFT_VERSION = 5.0;
				TARGETED_DEVICE_FAMILY = "1,2";
				TEST_HOST = "$(BUILT_PRODUCTS_DIR)/Hanmu.app/Hanmu";
			};
			name = Debug;
		};
		EA50378C25F9335200E233F4 /* Release */ = {
			isa = XCBuildConfiguration;
			buildSettings = {
				ALWAYS_EMBED_SWIFT_STANDARD_LIBRARIES = YES;
				BUNDLE_LOADER = "$(TEST_HOST)";
				CODE_SIGN_STYLE = Automatic;
				DEVELOPMENT_TEAM = 97YACL9S6W;
				INFOPLIST_FILE = HanmuTests/Info.plist;
				IPHONEOS_DEPLOYMENT_TARGET = 14.0;
				LD_RUNPATH_SEARCH_PATHS = (
					"$(inherited)",
					"@executable_path/Frameworks",
					"@loader_path/Frameworks",
				);
				PRODUCT_BUNDLE_IDENTIFIER = com.nowcent.HanmuTests;
				PRODUCT_NAME = "$(TARGET_NAME)";
				SWIFT_VERSION = 5.0;
				TARGETED_DEVICE_FAMILY = "1,2";
				TEST_HOST = "$(BUILT_PRODUCTS_DIR)/Hanmu.app/Hanmu";
			};
			name = Release;
		};
		EA50378E25F9335200E233F4 /* Debug */ = {
			isa = XCBuildConfiguration;
			buildSettings = {
				ALWAYS_EMBED_SWIFT_STANDARD_LIBRARIES = YES;
				CODE_SIGN_STYLE = Automatic;
				DEVELOPMENT_TEAM = 97YACL9S6W;
				INFOPLIST_FILE = HanmuUITests/Info.plist;
				LD_RUNPATH_SEARCH_PATHS = (
					"$(inherited)",
					"@executable_path/Frameworks",
					"@loader_path/Frameworks",
				);
				PRODUCT_BUNDLE_IDENTIFIER = com.nowcent.HanmuUITests;
				PRODUCT_NAME = "$(TARGET_NAME)";
				SWIFT_VERSION = 5.0;
				TARGETED_DEVICE_FAMILY = "1,2";
				TEST_TARGET_NAME = Hanmu;
			};
			name = Debug;
		};
		EA50378F25F9335200E233F4 /* Release */ = {
			isa = XCBuildConfiguration;
			buildSettings = {
				ALWAYS_EMBED_SWIFT_STANDARD_LIBRARIES = YES;
				CODE_SIGN_STYLE = Automatic;
				DEVELOPMENT_TEAM = 97YACL9S6W;
				INFOPLIST_FILE = HanmuUITests/Info.plist;
				LD_RUNPATH_SEARCH_PATHS = (
					"$(inherited)",
					"@executable_path/Frameworks",
					"@loader_path/Frameworks",
				);
				PRODUCT_BUNDLE_IDENTIFIER = com.nowcent.HanmuUITests;
				PRODUCT_NAME = "$(TARGET_NAME)";
				SWIFT_VERSION = 5.0;
				TARGETED_DEVICE_FAMILY = "1,2";
				TEST_TARGET_NAME = Hanmu;
			};
			name = Release;
		};
		EAF7761A25FBDDEE00D746C1 /* Debug */ = {
			isa = XCBuildConfiguration;
			buildSettings = {
				CODE_SIGN_STYLE = Automatic;
				CURRENT_PROJECT_VERSION = 5;
				DEVELOPMENT_TEAM = FVMV4JVH4T;
				INFOPLIST_FILE = SiriIntentUI/Info.plist;
				LD_RUNPATH_SEARCH_PATHS = (
					"$(inherited)",
					"@executable_path/Frameworks",
					"@executable_path/../../Frameworks",
				);
				MARKETING_VERSION = 1.1;
				PRODUCT_BUNDLE_IDENTIFIER = com.nowcent.hanmu.xiaoqing.SiriIntentUI;
				PRODUCT_NAME = "$(TARGET_NAME)";
				SKIP_INSTALL = YES;
				SWIFT_VERSION = 5.0;
				TARGETED_DEVICE_FAMILY = "1,2";
			};
			name = Debug;
		};
		EAF7761B25FBDDEE00D746C1 /* Release */ = {
			isa = XCBuildConfiguration;
			buildSettings = {
				CODE_SIGN_STYLE = Automatic;
				CURRENT_PROJECT_VERSION = 5;
				DEVELOPMENT_TEAM = FVMV4JVH4T;
				INFOPLIST_FILE = SiriIntentUI/Info.plist;
				LD_RUNPATH_SEARCH_PATHS = (
					"$(inherited)",
					"@executable_path/Frameworks",
					"@executable_path/../../Frameworks",
				);
				MARKETING_VERSION = 1.1;
				PRODUCT_BUNDLE_IDENTIFIER = com.nowcent.hanmu.xiaoqing.SiriIntentUI;
				PRODUCT_NAME = "$(TARGET_NAME)";
				SKIP_INSTALL = YES;
				SWIFT_VERSION = 5.0;
				TARGETED_DEVICE_FAMILY = "1,2";
			};
			name = Release;
		};
		EAF7761D25FBDDEE00D746C1 /* Debug */ = {
			isa = XCBuildConfiguration;
			buildSettings = {
				CODE_SIGN_STYLE = Automatic;
				CURRENT_PROJECT_VERSION = 5;
				DEVELOPMENT_TEAM = FVMV4JVH4T;
				INFOPLIST_FILE = SiriIntent/Info.plist;
				LD_RUNPATH_SEARCH_PATHS = (
					"$(inherited)",
					"@executable_path/Frameworks",
					"@executable_path/../../Frameworks",
				);
				MARKETING_VERSION = 1.1;
				PRODUCT_BUNDLE_IDENTIFIER = com.nowcent.hanmu.xiaoqing.SiriIntent;
				PRODUCT_NAME = "$(TARGET_NAME)";
				SKIP_INSTALL = YES;
				SWIFT_VERSION = 5.0;
				TARGETED_DEVICE_FAMILY = "1,2";
			};
			name = Debug;
		};
		EAF7761E25FBDDEE00D746C1 /* Release */ = {
			isa = XCBuildConfiguration;
			buildSettings = {
				CODE_SIGN_STYLE = Automatic;
				CURRENT_PROJECT_VERSION = 5;
				DEVELOPMENT_TEAM = FVMV4JVH4T;
				INFOPLIST_FILE = SiriIntent/Info.plist;
				LD_RUNPATH_SEARCH_PATHS = (
					"$(inherited)",
					"@executable_path/Frameworks",
					"@executable_path/../../Frameworks",
				);
				MARKETING_VERSION = 1.1;
				PRODUCT_BUNDLE_IDENTIFIER = com.nowcent.hanmu.xiaoqing.SiriIntent;
				PRODUCT_NAME = "$(TARGET_NAME)";
				SKIP_INSTALL = YES;
				SWIFT_VERSION = 5.0;
				TARGETED_DEVICE_FAMILY = "1,2";
			};
			name = Release;
		};
/* End XCBuildConfiguration section */

/* Begin XCConfigurationList section */
		EA2F3A2625FB688000C145BA /* Build configuration list for PBXNativeTarget "XGExtensionService" */ = {
			isa = XCConfigurationList;
			buildConfigurations = (
				EA2F3A2725FB688000C145BA /* Debug */,
				EA2F3A2825FB688000C145BA /* Release */,
			);
			defaultConfigurationIsVisible = 0;
			defaultConfigurationName = Release;
		};
		EA50375D25F9334B00E233F4 /* Build configuration list for PBXProject "Hanmu" */ = {
			isa = XCConfigurationList;
			buildConfigurations = (
				EA50378525F9335200E233F4 /* Debug */,
				EA50378625F9335200E233F4 /* Release */,
			);
			defaultConfigurationIsVisible = 0;
			defaultConfigurationName = Release;
		};
		EA50378725F9335200E233F4 /* Build configuration list for PBXNativeTarget "Hanmu" */ = {
			isa = XCConfigurationList;
			buildConfigurations = (
				EA50378825F9335200E233F4 /* Debug */,
				EA50378925F9335200E233F4 /* Release */,
			);
			defaultConfigurationIsVisible = 0;
			defaultConfigurationName = Release;
		};
		EA50378A25F9335200E233F4 /* Build configuration list for PBXNativeTarget "HanmuTests" */ = {
			isa = XCConfigurationList;
			buildConfigurations = (
				EA50378B25F9335200E233F4 /* Debug */,
				EA50378C25F9335200E233F4 /* Release */,
			);
			defaultConfigurationIsVisible = 0;
			defaultConfigurationName = Release;
		};
		EA50378D25F9335200E233F4 /* Build configuration list for PBXNativeTarget "HanmuUITests" */ = {
			isa = XCConfigurationList;
			buildConfigurations = (
				EA50378E25F9335200E233F4 /* Debug */,
				EA50378F25F9335200E233F4 /* Release */,
			);
			defaultConfigurationIsVisible = 0;
			defaultConfigurationName = Release;
		};
		EAF7761925FBDDEE00D746C1 /* Build configuration list for PBXNativeTarget "SiriIntentUI" */ = {
			isa = XCConfigurationList;
			buildConfigurations = (
				EAF7761A25FBDDEE00D746C1 /* Debug */,
				EAF7761B25FBDDEE00D746C1 /* Release */,
			);
			defaultConfigurationIsVisible = 0;
			defaultConfigurationName = Release;
		};
		EAF7761C25FBDDEE00D746C1 /* Build configuration list for PBXNativeTarget "SiriIntent" */ = {
			isa = XCConfigurationList;
			buildConfigurations = (
				EAF7761D25FBDDEE00D746C1 /* Debug */,
				EAF7761E25FBDDEE00D746C1 /* Release */,
			);
			defaultConfigurationIsVisible = 0;
			defaultConfigurationName = Release;
		};
/* End XCConfigurationList section */
	};
	rootObject = EA50375A25F9334B00E233F4 /* Project object */;
}
